dependencies:
- name: prometheus-grafana
  repository: https://ujstor.github.io/helm-charts-system
  version: 1.0.0
- name: secret-store
  repository: https://ujstor.github.io/helm-charts-system
  version: 1.0.0
digest: sha256:08ff520beb187ebfdcb7bbb6ebaafae64492d6f27dd75223804df60177b0ac11
generated: "2024-12-18T00:30:32.110563185+01:00"
